
Microsoft Visual Studio Solution File, Format Version 12.00
# Visual Studio Version 17
VisualStudioVersion = 17.0.31903.59
MinimumVisualStudioVersion = 10.0.40219.1
Project("{2150E333-8FDC-42A3-9474-1A3956D46DE8}") = "src", "src", "{26B1DECB-2EF4-4D02-B771-6B8F1AD48F54}"
EndProject
Project("{FAE04EC0-301F-11D3-BF4B-00C04F79EFBC}") = "Demo.Docker.Api", "src\Api\Demo.Docker.Api.csproj", "{FA89CD17-534E-46E6-9092-56062E8A985C}"
EndProject
Project("{FAE04EC0-301F-11D3-BF4B-00C04F79EFBC}") = "Demo.Docker.Service", "src\Services\Demo.Docker.Service.csproj", "{45BFEA73-7889-4598-9932-6DE73B87B082}"
EndProject
Project("{FAE04EC0-301F-11D3-BF4B-00C04F79EFBC}") = "Demo.Docker.Entities", "src\Entities\Demo.Docker.Entities.csproj", "{F8CE54BF-88C9-4DEF-969E-756B8C9A10E7}"
EndProject
Project("{2150E333-8FDC-42A3-9474-1A3956D46DE8}") = "tests", "tests", "{B376C02B-A107-4704-A359-9443E9ABB829}"
EndProject
Project("{FAE04EC0-301F-11D3-BF4B-00C04F79EFBC}") = "Demo.Docker.Api.Tests", "tests\Api\Demo.Docker.Api.Tests.csproj", "{D072F634-0699-4DC5-9357-266B1CDBECB4}"
EndProject
Global
	GlobalSection(SolutionConfigurationPlatforms) = preSolution
		Debug|Any CPU = Debug|Any CPU
		Release|Any CPU = Release|Any CPU
	EndGlobalSection
	GlobalSection(SolutionProperties) = preSolution
		HideSolutionNode = FALSE
	EndGlobalSection
	GlobalSection(ProjectConfigurationPlatforms) = postSolution
		{FA89CD17-534E-46E6-9092-56062E8A985C}.Debug|Any CPU.ActiveCfg = Debug|Any CPU
		{FA89CD17-534E-46E6-9092-56062E8A985C}.Debug|Any CPU.Build.0 = Debug|Any CPU
		{FA89CD17-534E-46E6-9092-56062E8A985C}.Release|Any CPU.ActiveCfg = Release|Any CPU
		{FA89CD17-534E-46E6-9092-56062E8A985C}.Release|Any CPU.Build.0 = Release|Any CPU
		{45BFEA73-7889-4598-9932-6DE73B87B082}.Debug|Any CPU.ActiveCfg = Debug|Any CPU
		{45BFEA73-7889-4598-9932-6DE73B87B082}.Debug|Any CPU.Build.0 = Debug|Any CPU
		{45BFEA73-7889-4598-9932-6DE73B87B082}.Release|Any CPU.ActiveCfg = Release|Any CPU
		{45BFEA73-7889-4598-9932-6DE73B87B082}.Release|Any CPU.Build.0 = Release|Any CPU
		{F8CE54BF-88C9-4DEF-969E-756B8C9A10E7}.Debug|Any CPU.ActiveCfg = Debug|Any CPU
		{F8CE54BF-88C9-4DEF-969E-756B8C9A10E7}.Debug|Any CPU.Build.0 = Debug|Any CPU
		{F8CE54BF-88C9-4DEF-969E-756B8C9A10E7}.Release|Any CPU.ActiveCfg = Release|Any CPU
		{F8CE54BF-88C9-4DEF-969E-756B8C9A10E7}.Release|Any CPU.Build.0 = Release|Any CPU
		{D072F634-0699-4DC5-9357-266B1CDBECB4}.Debug|Any CPU.ActiveCfg = Debug|Any CPU
		{D072F634-0699-4DC5-9357-266B1CDBECB4}.Debug|Any CPU.Build.0 = Debug|Any CPU
		{D072F634-0699-4DC5-9357-266B1CDBECB4}.Release|Any CPU.ActiveCfg = Release|Any CPU
		{D072F634-0699-4DC5-9357-266B1CDBECB4}.Release|Any CPU.Build.0 = Release|Any CPU
	EndGlobalSection
	GlobalSection(NestedProjects) = preSolution
		{FA89CD17-534E-46E6-9092-56062E8A985C} = {26B1DECB-2EF4-4D02-B771-6B8F1AD48F54}
		{45BFEA73-7889-4598-9932-6DE73B87B082} = {26B1DECB-2EF4-4D02-B771-6B8F1AD48F54}
		{F8CE54BF-88C9-4DEF-969E-756B8C9A10E7} = {26B1DECB-2EF4-4D02-B771-6B8F1AD48F54}
		{D072F634-0699-4DC5-9357-266B1CDBECB4} = {B376C02B-A107-4704-A359-9443E9ABB829}
	EndGlobalSection
EndGlobal
